
Microsoft Visual Studio Solution File, Format Version 12.00
# Visual Studio Version 16
VisualStudioVersion = 16.0.30611.23
MinimumVisualStudioVersion = 10.0.40219.1
Project("{9A19103F-16F7-4668-BE54-9A1E7A4F7556}") = "dim", "dim\dim.csproj", "{47FE7BA1-12BF-4DF6-8068-8FBE8E4BE3CE}"
EndProject
Global
	GlobalSection(SolutionConfigurationPlatforms) = preSolution
		Debug|Any CPU = Debug|Any CPU
		Release|Any CPU = Release|Any CPU
	EndGlobalSection
	GlobalSection(ProjectConfigurationPlatforms) = postSolution
		{47FE7BA1-12BF-4DF6-8068-8FBE8E4BE3CE}.Debug|Any CPU.ActiveCfg = Debug|Any CPU
		{47FE7BA1-12BF-4DF6-8068-8FBE8E4BE3CE}.Debug|Any CPU.Build.0 = Debug|Any CPU
		{47FE7BA1-12BF-4DF6-8068-8FBE8E4BE3CE}.Release|Any CPU.ActiveCfg = Release|Any CPU
		{47FE7BA1-12BF-4DF6-8068-8FBE8E4BE3CE}.Release|Any CPU.Build.0 = Release|Any CPU
	EndGlobalSection
	GlobalSection(SolutionProperties) = preSolution
		HideSolutionNode = FALSE
	EndGlobalSection
	GlobalSection(ExtensibilityGlobals) = postSolution
		SolutionGuid = {0295D4DA-45CC-425E-9521-060FF5470C78}
	EndGlobalSection
EndGlobal
